// !$*UTF8*$!
{
	archiveVersion = 1;
	classes = {
	};
	objectVersion = 46;
	objects = {

/* Begin PBXBuildFile section */
		B90F317D1A0C01B7001316CE /* logic.cpp in Sources */ = {isa = PBXBuildFile; fileRef = B90F317B1A0C01B7001316CE /* logic.cpp */; };
		B90F31801A0D65A7001316CE /* custom_infix.cpp in Sources */ = {isa = PBXBuildFile; fileRef = B90F317E1A0D65A7001316CE /* custom_infix.cpp */; };
		B90F31831A0D8FBF001316CE /* playground.cpp in Sources */ = {isa = PBXBuildFile; fileRef = B90F31811A0D8FBF001316CE /* playground.cpp */; };
		B91017CD1A1AA2500063D5D6 /* map.cpp in Sources */ = {isa = PBXBuildFile; fileRef = B91017CB1A1AA2500063D5D6 /* map.cpp */; };
		B91017D01A1AA3440063D5D6 /* result_of.cpp in Sources */ = {isa = PBXBuildFile; fileRef = B91017CE1A1AA3440063D5D6 /* result_of.cpp */; };
		B91017D31A1AA4800063D5D6 /* append.cpp in Sources */ = {isa = PBXBuildFile; fileRef = B91017D11A1AA4800063D5D6 /* append.cpp */; };
		B91017D61A1AA6E80063D5D6 /* filter.cpp in Sources */ = {isa = PBXBuildFile; fileRef = B91017D41A1AA6E80063D5D6 /* filter.cpp */; };
		B91017D91A1AA9A10063D5D6 /* meta_assert.cpp in Sources */ = {isa = PBXBuildFile; fileRef = B91017D71A1AA9A10063D5D6 /* meta_assert.cpp */; };
		B91017DC1A1AAAF50063D5D6 /* equal.cpp in Sources */ = {isa = PBXBuildFile; fileRef = B91017DA1A1AAAF50063D5D6 /* equal.cpp */; };
		B91017DF1A1AAC960063D5D6 /* fold.cpp in Sources */ = {isa = PBXBuildFile; fileRef = B91017DD1A1AAC960063D5D6 /* fold.cpp */; };
		B91017E21A1AACF30063D5D6 /* conditional.cpp in Sources */ = {isa = PBXBuildFile; fileRef = B91017E01A1AACF30063D5D6 /* conditional.cpp */; };
		B91017E51A1ABC150063D5D6 /* list.cpp in Sources */ = {isa = PBXBuildFile; fileRef = B91017E31A1ABC150063D5D6 /* list.cpp */; };
		B91017E81A1ACAAF0063D5D6 /* join.cpp in Sources */ = {isa = PBXBuildFile; fileRef = B91017E61A1ACAAF0063D5D6 /* join.cpp */; };
		B91017EB1A1ACEC00063D5D6 /* head.cpp in Sources */ = {isa = PBXBuildFile; fileRef = B91017E91A1ACEC00063D5D6 /* head.cpp */; };
		B91017EE1A1ACF190063D5D6 /* tail.cpp in Sources */ = {isa = PBXBuildFile; fileRef = B91017EC1A1ACF190063D5D6 /* tail.cpp */; };
		B91017F11A1ACF770063D5D6 /* clear.cpp in Sources */ = {isa = PBXBuildFile; fileRef = B91017EF1A1ACF770063D5D6 /* clear.cpp */; };
		B91017F41A1ACFEA0063D5D6 /* cons.cpp in Sources */ = {isa = PBXBuildFile; fileRef = B91017F21A1ACFEA0063D5D6 /* cons.cpp */; };
		B91017F71A1AD1680063D5D6 /* last.cpp in Sources */ = {isa = PBXBuildFile; fileRef = B91017F51A1AD1680063D5D6 /* last.cpp */; };
		B91017FA1A1AD1DC0063D5D6 /* list_template.cpp in Sources */ = {isa = PBXBuildFile; fileRef = B91017F81A1AD1DC0063D5D6 /* list_template.cpp */; };
		B91017FD1A1BB7990063D5D6 /* init.cpp in Sources */ = {isa = PBXBuildFile; fileRef = B91017FB1A1BB7990063D5D6 /* init.cpp */; };
		B91018001A1BBCFD0063D5D6 /* null.cpp in Sources */ = {isa = PBXBuildFile; fileRef = B91017FE1A1BBCFD0063D5D6 /* null.cpp */; };
		B91018031A1BBE140063D5D6 /* length.cpp in Sources */ = {isa = PBXBuildFile; fileRef = B91018011A1BBE140063D5D6 /* length.cpp */; };
		B91018071A1BBED70063D5D6 /* meta_types.cpp in Sources */ = {isa = PBXBuildFile; fileRef = B91018051A1BBED70063D5D6 /* meta_types.cpp */; };
		B910180A1A1BC0CE0063D5D6 /* subscript.cpp in Sources */ = {isa = PBXBuildFile; fileRef = B91018081A1BC0CE0063D5D6 /* subscript.cpp */; };
		B910180D1A1BCA090063D5D6 /* reverse.cpp in Sources */ = {isa = PBXBuildFile; fileRef = B910180B1A1BCA090063D5D6 /* reverse.cpp */; };
		B91220B519FBB86600EBFA72 /* main.cpp in Sources */ = {isa = PBXBuildFile; fileRef = B91220B419FBB86600EBFA72 /* main.cpp */; };
		B91220B719FBB86600EBFA72 /* FunctionalTemplates.1 in CopyFiles */ = {isa = PBXBuildFile; fileRef = B91220B619FBB86600EBFA72 /* FunctionalTemplates.1 */; };
		B913533E1A251C5C007F4A5C /* concepts.cpp in Sources */ = {isa = PBXBuildFile; fileRef = B913533C1A251C5C007F4A5C /* concepts.cpp */; };
		B91353421A2520C5007F4A5C /* CopyConstructible.cpp in Sources */ = {isa = PBXBuildFile; fileRef = B91353401A2520C5007F4A5C /* CopyConstructible.cpp */; };
		B91353481A25216D007F4A5C /* Signed.cpp in Sources */ = {isa = PBXBuildFile; fileRef = B91353461A25216D007F4A5C /* Signed.cpp */; };
		B913534C1A27CA7B007F4A5C /* join_n.cpp in Sources */ = {isa = PBXBuildFile; fileRef = B913534A1A27CA7B007F4A5C /* join_n.cpp */; };
		B9D87E411A38D8910023CD16 /* callable.cpp in Sources */ = {isa = PBXBuildFile; fileRef = B9D87E3F1A38D8910023CD16 /* callable.cpp */; };
		B9D87E471A38DC0F0023CD16 /* semaphore.cpp in Sources */ = {isa = PBXBuildFile; fileRef = B9D87E451A38DC0F0023CD16 /* semaphore.cpp */; };
		B9D87E4A1A38DF830023CD16 /* message.cpp in Sources */ = {isa = PBXBuildFile; fileRef = B9D87E481A38DF830023CD16 /* message.cpp */; };
		B9D87E4D1A38E17E0023CD16 /* value_list.cpp in Sources */ = {isa = PBXBuildFile; fileRef = B9D87E4B1A38E17E0023CD16 /* value_list.cpp */; };
		B9D87E531A38E5CC0023CD16 /* thread_safe_queue.cpp in Sources */ = {isa = PBXBuildFile; fileRef = B9D87E511A38E5CC0023CD16 /* thread_safe_queue.cpp */; };
		B9D87E561A38E7DE0023CD16 /* actor.cpp in Sources */ = {isa = PBXBuildFile; fileRef = B9D87E541A38E7DE0023CD16 /* actor.cpp */; };
/* End PBXBuildFile section */

/* Begin PBXCopyFilesBuildPhase section */
		B91220AF19FBB86600EBFA72 /* CopyFiles */ = {
			isa = PBXCopyFilesBuildPhase;
			buildActionMask = 2147483647;
			dstPath = /usr/share/man/man1/;
			dstSubfolderSpec = 0;
			files = (
				B91220B719FBB86600EBFA72 /* FunctionalTemplates.1 in CopyFiles */,
			);
			runOnlyForDeploymentPostprocessing = 1;
		};
/* End PBXCopyFilesBuildPhase section */

/* Begin PBXFileReference section */
		B90F31641A0AC17C001316CE /* curry.h */ = {isa = PBXFileReference; lastKnownFileType = sourcecode.c.h; path = curry.h; sourceTree = "<group>"; };
		B90F317B1A0C01B7001316CE /* logic.cpp */ = {isa = PBXFileReference; fileEncoding = 4; lastKnownFileType = sourcecode.cpp.cpp; name = logic.cpp; path = include/logic/logic.cpp; sourceTree = SOURCE_ROOT; };
		B90F317C1A0C01B7001316CE /* logic.h */ = {isa = PBXFileReference; fileEncoding = 4; lastKnownFileType = sourcecode.c.h; name = logic.h; path = include/logic/logic.h; sourceTree = SOURCE_ROOT; };
		B90F317E1A0D65A7001316CE /* custom_infix.cpp */ = {isa = PBXFileReference; fileEncoding = 4; lastKnownFileType = sourcecode.cpp.cpp; path = custom_infix.cpp; sourceTree = "<group>"; };
		B90F317F1A0D65A7001316CE /* custom_infix.h */ = {isa = PBXFileReference; fileEncoding = 4; lastKnownFileType = sourcecode.c.h; path = custom_infix.h; sourceTree = "<group>"; };
		B90F31811A0D8FBF001316CE /* playground.cpp */ = {isa = PBXFileReference; fileEncoding = 4; lastKnownFileType = sourcecode.cpp.cpp; path = playground.cpp; sourceTree = "<group>"; };
		B90F31821A0D8FBF001316CE /* playground.h */ = {isa = PBXFileReference; fileEncoding = 4; lastKnownFileType = sourcecode.c.h; path = playground.h; sourceTree = "<group>"; };
		B91017CB1A1AA2500063D5D6 /* map.cpp */ = {isa = PBXFileReference; fileEncoding = 4; lastKnownFileType = sourcecode.cpp.cpp; path = map.cpp; sourceTree = "<group>"; };
		B91017CC1A1AA2500063D5D6 /* map.h */ = {isa = PBXFileReference; fileEncoding = 4; lastKnownFileType = sourcecode.c.h; path = map.h; sourceTree = "<group>"; };
		B91017CE1A1AA3440063D5D6 /* result_of.cpp */ = {isa = PBXFileReference; fileEncoding = 4; lastKnownFileType = sourcecode.cpp.cpp; path = result_of.cpp; sourceTree = "<group>"; };
		B91017CF1A1AA3440063D5D6 /* result_of.h */ = {isa = PBXFileReference; fileEncoding = 4; lastKnownFileType = sourcecode.c.h; path = result_of.h; sourceTree = "<group>"; };
		B91017D11A1AA4800063D5D6 /* append.cpp */ = {isa = PBXFileReference; fileEncoding = 4; lastKnownFileType = sourcecode.cpp.cpp; path = append.cpp; sourceTree = "<group>"; };
		B91017D21A1AA4800063D5D6 /* append.h */ = {isa = PBXFileReference; fileEncoding = 4; lastKnownFileType = sourcecode.c.h; path = append.h; sourceTree = "<group>"; };
		B91017D41A1AA6E80063D5D6 /* filter.cpp */ = {isa = PBXFileReference; fileEncoding = 4; lastKnownFileType = sourcecode.cpp.cpp; path = filter.cpp; sourceTree = "<group>"; };
		B91017D51A1AA6E80063D5D6 /* filter.h */ = {isa = PBXFileReference; fileEncoding = 4; lastKnownFileType = sourcecode.c.h; path = filter.h; sourceTree = "<group>"; };
		B91017D71A1AA9A10063D5D6 /* meta_assert.cpp */ = {isa = PBXFileReference; fileEncoding = 4; lastKnownFileType = sourcecode.cpp.cpp; path = meta_assert.cpp; sourceTree = "<group>"; };
		B91017D81A1AA9A10063D5D6 /* meta_assert.h */ = {isa = PBXFileReference; fileEncoding = 4; lastKnownFileType = sourcecode.c.h; path = meta_assert.h; sourceTree = "<group>"; };
		B91017DA1A1AAAF50063D5D6 /* equal.cpp */ = {isa = PBXFileReference; fileEncoding = 4; lastKnownFileType = sourcecode.cpp.cpp; path = equal.cpp; sourceTree = "<group>"; };
		B91017DB1A1AAAF50063D5D6 /* equal.h */ = {isa = PBXFileReference; fileEncoding = 4; lastKnownFileType = sourcecode.c.h; path = equal.h; sourceTree = "<group>"; };
		B91017DD1A1AAC960063D5D6 /* fold.cpp */ = {isa = PBXFileReference; fileEncoding = 4; lastKnownFileType = sourcecode.cpp.cpp; path = fold.cpp; sourceTree = "<group>"; };
		B91017DE1A1AAC960063D5D6 /* fold.h */ = {isa = PBXFileReference; fileEncoding = 4; lastKnownFileType = sourcecode.c.h; path = fold.h; sourceTree = "<group>"; };
		B91017E01A1AACF30063D5D6 /* conditional.cpp */ = {isa = PBXFileReference; fileEncoding = 4; lastKnownFileType = sourcecode.cpp.cpp; path = conditional.cpp; sourceTree = "<group>"; };
		B91017E11A1AACF30063D5D6 /* conditional.h */ = {isa = PBXFileReference; fileEncoding = 4; lastKnownFileType = sourcecode.c.h; path = conditional.h; sourceTree = "<group>"; };
		B91017E31A1ABC150063D5D6 /* list.cpp */ = {isa = PBXFileReference; fileEncoding = 4; lastKnownFileType = sourcecode.cpp.cpp; path = list.cpp; sourceTree = "<group>"; };
		B91017E41A1ABC150063D5D6 /* list.h */ = {isa = PBXFileReference; fileEncoding = 4; lastKnownFileType = sourcecode.c.h; path = list.h; sourceTree = "<group>"; };
		B91017E61A1ACAAF0063D5D6 /* join.cpp */ = {isa = PBXFileReference; fileEncoding = 4; lastKnownFileType = sourcecode.cpp.cpp; path = join.cpp; sourceTree = "<group>"; };
		B91017E71A1ACAAF0063D5D6 /* join.h */ = {isa = PBXFileReference; fileEncoding = 4; lastKnownFileType = sourcecode.c.h; path = join.h; sourceTree = "<group>"; };
		B91017E91A1ACEC00063D5D6 /* head.cpp */ = {isa = PBXFileReference; fileEncoding = 4; lastKnownFileType = sourcecode.cpp.cpp; path = head.cpp; sourceTree = "<group>"; };
		B91017EA1A1ACEC00063D5D6 /* head.h */ = {isa = PBXFileReference; fileEncoding = 4; lastKnownFileType = sourcecode.c.h; path = head.h; sourceTree = "<group>"; };
		B91017EC1A1ACF190063D5D6 /* tail.cpp */ = {isa = PBXFileReference; fileEncoding = 4; lastKnownFileType = sourcecode.cpp.cpp; path = tail.cpp; sourceTree = "<group>"; };
		B91017ED1A1ACF190063D5D6 /* tail.h */ = {isa = PBXFileReference; fileEncoding = 4; lastKnownFileType = sourcecode.c.h; path = tail.h; sourceTree = "<group>"; };
		B91017EF1A1ACF770063D5D6 /* clear.cpp */ = {isa = PBXFileReference; fileEncoding = 4; lastKnownFileType = sourcecode.cpp.cpp; path = clear.cpp; sourceTree = "<group>"; };
		B91017F01A1ACF770063D5D6 /* clear.h */ = {isa = PBXFileReference; fileEncoding = 4; lastKnownFileType = sourcecode.c.h; path = clear.h; sourceTree = "<group>"; };
		B91017F21A1ACFEA0063D5D6 /* cons.cpp */ = {isa = PBXFileReference; fileEncoding = 4; lastKnownFileType = sourcecode.cpp.cpp; path = cons.cpp; sourceTree = "<group>"; };
		B91017F31A1ACFEA0063D5D6 /* cons.h */ = {isa = PBXFileReference; fileEncoding = 4; lastKnownFileType = sourcecode.c.h; path = cons.h; sourceTree = "<group>"; };
		B91017F51A1AD1680063D5D6 /* last.cpp */ = {isa = PBXFileReference; fileEncoding = 4; lastKnownFileType = sourcecode.cpp.cpp; path = last.cpp; sourceTree = "<group>"; };
		B91017F61A1AD1680063D5D6 /* last.h */ = {isa = PBXFileReference; fileEncoding = 4; lastKnownFileType = sourcecode.c.h; path = last.h; sourceTree = "<group>"; };
		B91017F81A1AD1DC0063D5D6 /* list_template.cpp */ = {isa = PBXFileReference; fileEncoding = 4; lastKnownFileType = sourcecode.cpp.cpp; path = list_template.cpp; sourceTree = "<group>"; };
		B91017F91A1AD1DC0063D5D6 /* list_template.h */ = {isa = PBXFileReference; fileEncoding = 4; lastKnownFileType = sourcecode.c.h; path = list_template.h; sourceTree = "<group>"; };
		B91017FB1A1BB7990063D5D6 /* init.cpp */ = {isa = PBXFileReference; fileEncoding = 4; lastKnownFileType = sourcecode.cpp.cpp; path = init.cpp; sourceTree = "<group>"; };
		B91017FC1A1BB7990063D5D6 /* init.h */ = {isa = PBXFileReference; fileEncoding = 4; lastKnownFileType = sourcecode.c.h; path = init.h; sourceTree = "<group>"; };
		B91017FE1A1BBCFD0063D5D6 /* null.cpp */ = {isa = PBXFileReference; fileEncoding = 4; lastKnownFileType = sourcecode.cpp.cpp; path = null.cpp; sourceTree = "<group>"; };
		B91017FF1A1BBCFD0063D5D6 /* null.h */ = {isa = PBXFileReference; fileEncoding = 4; lastKnownFileType = sourcecode.c.h; path = null.h; sourceTree = "<group>"; };
		B91018011A1BBE140063D5D6 /* length.cpp */ = {isa = PBXFileReference; fileEncoding = 4; lastKnownFileType = sourcecode.cpp.cpp; path = length.cpp; sourceTree = "<group>"; };
		B91018021A1BBE140063D5D6 /* length.h */ = {isa = PBXFileReference; fileEncoding = 4; lastKnownFileType = sourcecode.c.h; path = length.h; sourceTree = "<group>"; };
		B91018051A1BBED70063D5D6 /* meta_types.cpp */ = {isa = PBXFileReference; fileEncoding = 4; lastKnownFileType = sourcecode.cpp.cpp; name = meta_types.cpp; path = meta_types/meta_types.cpp; sourceTree = "<group>"; };
		B91018061A1BBED70063D5D6 /* meta_types.h */ = {isa = PBXFileReference; fileEncoding = 4; lastKnownFileType = sourcecode.c.h; name = meta_types.h; path = meta_types/meta_types.h; sourceTree = "<group>"; };
		B91018081A1BC0CE0063D5D6 /* subscript.cpp */ = {isa = PBXFileReference; fileEncoding = 4; lastKnownFileType = sourcecode.cpp.cpp; path = subscript.cpp; sourceTree = "<group>"; };
		B91018091A1BC0CE0063D5D6 /* subscript.h */ = {isa = PBXFileReference; fileEncoding = 4; lastKnownFileType = sourcecode.c.h; path = subscript.h; sourceTree = "<group>"; };
		B910180B1A1BCA090063D5D6 /* reverse.cpp */ = {isa = PBXFileReference; fileEncoding = 4; lastKnownFileType = sourcecode.cpp.cpp; path = reverse.cpp; sourceTree = "<group>"; };
		B910180C1A1BCA090063D5D6 /* reverse.h */ = {isa = PBXFileReference; fileEncoding = 4; lastKnownFileType = sourcecode.c.h; path = reverse.h; sourceTree = "<group>"; };
		B910180F1A1BF19D0063D5D6 /* dtl_map.h */ = {isa = PBXFileReference; lastKnownFileType = sourcecode.c.h; name = dtl_map.h; path = include/list/detail/dtl_map.h; sourceTree = "<group>"; };
		B91018101A1BF2730063D5D6 /* dtl_filter.h */ = {isa = PBXFileReference; lastKnownFileType = sourcecode.c.h; name = dtl_filter.h; path = include/list/detail/dtl_filter.h; sourceTree = "<group>"; };
		B91018111A1BF4680063D5D6 /* dtl_join.h */ = {isa = PBXFileReference; lastKnownFileType = sourcecode.c.h; name = dtl_join.h; path = include/list/detail/dtl_join.h; sourceTree = "<group>"; };
		B91018131A1BF9A10063D5D6 /* types.h */ = {isa = PBXFileReference; lastKnownFileType = sourcecode.c.h; path = types.h; sourceTree = "<group>"; };
		B91018141A1BFC810063D5D6 /* dtl_subscript.h */ = {isa = PBXFileReference; lastKnownFileType = sourcecode.c.h; name = dtl_subscript.h; path = include/list/detail/dtl_subscript.h; sourceTree = "<group>"; };
		B91018151A1BFDD60063D5D6 /* dtl_reverse.h */ = {isa = PBXFileReference; lastKnownFileType = sourcecode.c.h; name = dtl_reverse.h; path = include/list/detail/dtl_reverse.h; sourceTree = "<group>"; };
		B910181A1A1C231C0063D5D6 /* dtl_length.h */ = {isa = PBXFileReference; lastKnownFileType = sourcecode.c.h; name = dtl_length.h; path = include/list/detail/dtl_length.h; sourceTree = "<group>"; };
		B910181B1A1C24450063D5D6 /* dtl_head.h */ = {isa = PBXFileReference; lastKnownFileType = sourcecode.c.h; name = dtl_head.h; path = include/list/detail/dtl_head.h; sourceTree = "<group>"; };
		B910181C1A1D4CF30063D5D6 /* dtl_tail.h */ = {isa = PBXFileReference; lastKnownFileType = sourcecode.c.h; name = dtl_tail.h; path = include/list/detail/dtl_tail.h; sourceTree = "<group>"; };
		B91220B119FBB86600EBFA72 /* FunctionalTemplates */ = {isa = PBXFileReference; explicitFileType = "compiled.mach-o.executable"; includeInIndex = 0; path = FunctionalTemplates; sourceTree = BUILT_PRODUCTS_DIR; };
		B91220B419FBB86600EBFA72 /* main.cpp */ = {isa = PBXFileReference; lastKnownFileType = sourcecode.cpp.cpp; path = main.cpp; sourceTree = "<group>"; };
		B91220B619FBB86600EBFA72 /* FunctionalTemplates.1 */ = {isa = PBXFileReference; lastKnownFileType = text.man; path = FunctionalTemplates.1; sourceTree = "<group>"; };
		B91220CB19FBCAD100EBFA72 /* DoxygenDocs.docset */ = {isa = PBXFileReference; lastKnownFileType = wrapper; path = DoxygenDocs.docset; sourceTree = SOURCE_ROOT; };
		B913533C1A251C5C007F4A5C /* concepts.cpp */ = {isa = PBXFileReference; fileEncoding = 4; lastKnownFileType = sourcecode.cpp.cpp; name = concepts.cpp; path = concepts/concepts.cpp; sourceTree = "<group>"; };
		B913533D1A251C5C007F4A5C /* concepts.h */ = {isa = PBXFileReference; fileEncoding = 4; lastKnownFileType = sourcecode.c.h; name = concepts.h; path = concepts/concepts.h; sourceTree = "<group>"; };
		B91353401A2520C5007F4A5C /* CopyConstructible.cpp */ = {isa = PBXFileReference; fileEncoding = 4; lastKnownFileType = sourcecode.cpp.cpp; name = CopyConstructible.cpp; path = concepts/CopyConstructible.cpp; sourceTree = "<group>"; };
		B91353411A2520C5007F4A5C /* CopyConstructible.h */ = {isa = PBXFileReference; fileEncoding = 4; lastKnownFileType = sourcecode.c.h; name = CopyConstructible.h; path = concepts/CopyConstructible.h; sourceTree = "<group>"; };
		B91353461A25216D007F4A5C /* Signed.cpp */ = {isa = PBXFileReference; fileEncoding = 4; lastKnownFileType = sourcecode.cpp.cpp; name = Signed.cpp; path = concepts/Signed.cpp; sourceTree = "<group>"; };
		B91353471A25216D007F4A5C /* Signed.h */ = {isa = PBXFileReference; fileEncoding = 4; lastKnownFileType = sourcecode.c.h; name = Signed.h; path = concepts/Signed.h; sourceTree = "<group>"; };
		B913534A1A27CA7B007F4A5C /* join_n.cpp */ = {isa = PBXFileReference; fileEncoding = 4; lastKnownFileType = sourcecode.cpp.cpp; path = join_n.cpp; sourceTree = "<group>"; };
		B913534B1A27CA7B007F4A5C /* join_n.h */ = {isa = PBXFileReference; fileEncoding = 4; lastKnownFileType = sourcecode.c.h; path = join_n.h; sourceTree = "<group>"; };
		B9443BF319FBD75D00CFA542 /* doxygen.config */ = {isa = PBXFileReference; lastKnownFileType = text; path = doxygen.config; sourceTree = SOURCE_ROOT; };
		B9D87E3F1A38D8910023CD16 /* callable.cpp */ = {isa = PBXFileReference; fileEncoding = 4; lastKnownFileType = sourcecode.cpp.cpp; path = callable.cpp; sourceTree = "<group>"; };
		B9D87E401A38D8910023CD16 /* callable.h */ = {isa = PBXFileReference; fileEncoding = 4; lastKnownFileType = sourcecode.c.h; path = callable.h; sourceTree = "<group>"; };
		B9D87E431A38D8D90023CD16 /* dtl_callable.h */ = {isa = PBXFileReference; lastKnownFileType = sourcecode.c.h; path = dtl_callable.h; sourceTree = "<group>"; };
		B9D87E451A38DC0F0023CD16 /* semaphore.cpp */ = {isa = PBXFileReference; fileEncoding = 4; lastKnownFileType = sourcecode.cpp.cpp; path = semaphore.cpp; sourceTree = "<group>"; };
		B9D87E461A38DC0F0023CD16 /* semaphore.h */ = {isa = PBXFileReference; fileEncoding = 4; lastKnownFileType = sourcecode.c.h; path = semaphore.h; sourceTree = "<group>"; };
		B9D87E481A38DF830023CD16 /* message.cpp */ = {isa = PBXFileReference; fileEncoding = 4; lastKnownFileType = sourcecode.cpp.cpp; path = message.cpp; sourceTree = "<group>"; };
		B9D87E491A38DF830023CD16 /* message.h */ = {isa = PBXFileReference; fileEncoding = 4; lastKnownFileType = sourcecode.c.h; path = message.h; sourceTree = "<group>"; };
		B9D87E4B1A38E17E0023CD16 /* value_list.cpp */ = {isa = PBXFileReference; fileEncoding = 4; lastKnownFileType = sourcecode.cpp.cpp; path = value_list.cpp; sourceTree = "<group>"; };
		B9D87E4C1A38E17E0023CD16 /* value_list.h */ = {isa = PBXFileReference; fileEncoding = 4; lastKnownFileType = sourcecode.c.h; path = value_list.h; sourceTree = "<group>"; };
		B9D87E511A38E5CC0023CD16 /* thread_safe_queue.cpp */ = {isa = PBXFileReference; fileEncoding = 4; lastKnownFileType = sourcecode.cpp.cpp; path = thread_safe_queue.cpp; sourceTree = "<group>"; };
		B9D87E521A38E5CC0023CD16 /* thread_safe_queue.h */ = {isa = PBXFileReference; fileEncoding = 4; lastKnownFileType = sourcecode.c.h; path = thread_safe_queue.h; sourceTree = "<group>"; };
		B9D87E541A38E7DE0023CD16 /* actor.cpp */ = {isa = PBXFileReference; fileEncoding = 4; lastKnownFileType = sourcecode.cpp.cpp; path = actor.cpp; sourceTree = "<group>"; };
		B9D87E551A38E7DE0023CD16 /* actor.h */ = {isa = PBXFileReference; fileEncoding = 4; lastKnownFileType = sourcecode.c.h; path = actor.h; sourceTree = "<group>"; };
/* End PBXFileReference section */

/* Begin PBXFrameworksBuildPhase section */
		B91220AE19FBB86600EBFA72 /* Frameworks */ = {
			isa = PBXFrameworksBuildPhase;
			buildActionMask = 2147483647;
			files = (
			);
			runOnlyForDeploymentPostprocessing = 0;
		};
/* End PBXFrameworksBuildPhase section */

/* Begin PBXGroup section */
		B91017CA1A1AA2140063D5D6 /* List */ = {
			isa = PBXGroup;
			children = (
				B910180E1A1BF11A0063D5D6 /* detail */,
				B91017CB1A1AA2500063D5D6 /* map.cpp */,
				B91017CC1A1AA2500063D5D6 /* map.h */,
				B91017D11A1AA4800063D5D6 /* append.cpp */,
				B91017D21A1AA4800063D5D6 /* append.h */,
				B91017D41A1AA6E80063D5D6 /* filter.cpp */,
				B91017D51A1AA6E80063D5D6 /* filter.h */,
				B91017E31A1ABC150063D5D6 /* list.cpp */,
				B91017E41A1ABC150063D5D6 /* list.h */,
				B91017E61A1ACAAF0063D5D6 /* join.cpp */,
				B91017E71A1ACAAF0063D5D6 /* join.h */,
				B91017E91A1ACEC00063D5D6 /* head.cpp */,
				B91017EA1A1ACEC00063D5D6 /* head.h */,
				B91017EC1A1ACF190063D5D6 /* tail.cpp */,
				B91017ED1A1ACF190063D5D6 /* tail.h */,
				B91017EF1A1ACF770063D5D6 /* clear.cpp */,
				B91017F01A1ACF770063D5D6 /* clear.h */,
				B91017F21A1ACFEA0063D5D6 /* cons.cpp */,
				B91017F31A1ACFEA0063D5D6 /* cons.h */,
				B91017F51A1AD1680063D5D6 /* last.cpp */,
				B91017F61A1AD1680063D5D6 /* last.h */,
				B91017F81A1AD1DC0063D5D6 /* list_template.cpp */,
				B91017F91A1AD1DC0063D5D6 /* list_template.h */,
				B91017FB1A1BB7990063D5D6 /* init.cpp */,
				B91017FC1A1BB7990063D5D6 /* init.h */,
				B91017FE1A1BBCFD0063D5D6 /* null.cpp */,
				B91017FF1A1BBCFD0063D5D6 /* null.h */,
				B91018011A1BBE140063D5D6 /* length.cpp */,
				B91018021A1BBE140063D5D6 /* length.h */,
				B91018081A1BC0CE0063D5D6 /* subscript.cpp */,
				B91018091A1BC0CE0063D5D6 /* subscript.h */,
				B910180B1A1BCA090063D5D6 /* reverse.cpp */,
				B910180C1A1BCA090063D5D6 /* reverse.h */,
				B913534A1A27CA7B007F4A5C /* join_n.cpp */,
				B913534B1A27CA7B007F4A5C /* join_n.h */,
				B9D87E4B1A38E17E0023CD16 /* value_list.cpp */,
				B9D87E4C1A38E17E0023CD16 /* value_list.h */,
			);
			name = List;
			path = include/list;
			sourceTree = SOURCE_ROOT;
		};
		B91018041A1BBEB50063D5D6 /* meta_types */ = {
			isa = PBXGroup;
			children = (
				B91018051A1BBED70063D5D6 /* meta_types.cpp */,
				B91018061A1BBED70063D5D6 /* meta_types.h */,
			);
			name = meta_types;
			sourceTree = "<group>";
		};
		B910180E1A1BF11A0063D5D6 /* detail */ = {
			isa = PBXGroup;
			children = (
				B910180F1A1BF19D0063D5D6 /* dtl_map.h */,
				B91018101A1BF2730063D5D6 /* dtl_filter.h */,
				B91018111A1BF4680063D5D6 /* dtl_join.h */,
				B91018141A1BFC810063D5D6 /* dtl_subscript.h */,
				B91018151A1BFDD60063D5D6 /* dtl_reverse.h */,
				B910181A1A1C231C0063D5D6 /* dtl_length.h */,
				B910181B1A1C24450063D5D6 /* dtl_head.h */,
				B910181C1A1D4CF30063D5D6 /* dtl_tail.h */,
			);
			name = detail;
			path = list/detail;
			sourceTree = "<group>";
		};
		B91018121A1BF9880063D5D6 /* logic */ = {
			isa = PBXGroup;
			children = (
				B90F317B1A0C01B7001316CE /* logic.cpp */,
				B90F317C1A0C01B7001316CE /* logic.h */,
				B91018131A1BF9A10063D5D6 /* types.h */,
			);
			path = logic;
			sourceTree = "<group>";
		};
		B91220A819FBB86600EBFA72 = {
			isa = PBXGroup;
			children = (
				B91220B319FBB86600EBFA72 /* FunctionalTemplates */,
				B91220B219FBB86600EBFA72 /* Products */,
				B91220C019FBB8F100EBFA72 /* include */,
			);
			sourceTree = "<group>";
		};
		B91220B219FBB86600EBFA72 /* Products */ = {
			isa = PBXGroup;
			children = (
				B91220B119FBB86600EBFA72 /* FunctionalTemplates */,
			);
			name = Products;
			sourceTree = "<group>";
		};
		B91220B319FBB86600EBFA72 /* FunctionalTemplates */ = {
			isa = PBXGroup;
			children = (
				B9443BF319FBD75D00CFA542 /* doxygen.config */,
				B91220CB19FBCAD100EBFA72 /* DoxygenDocs.docset */,
				B91220B419FBB86600EBFA72 /* main.cpp */,
				B91220B619FBB86600EBFA72 /* FunctionalTemplates.1 */,
				B90F31811A0D8FBF001316CE /* playground.cpp */,
				B90F31821A0D8FBF001316CE /* playground.h */,
			);
			path = FunctionalTemplates;
			sourceTree = "<group>";
		};
		B91220C019FBB8F100EBFA72 /* include */ = {
			isa = PBXGroup;
			children = (
				B9D87E441A38DBD70023CD16 /* multithreading */,
				B9D87E3E1A38D86B0023CD16 /* callable */,
				B913533F1A251C72007F4A5C /* concepts */,
				B91018121A1BF9880063D5D6 /* logic */,
				B91018041A1BBEB50063D5D6 /* meta_types */,
				B91017CA1A1AA2140063D5D6 /* List */,
				B90F31641A0AC17C001316CE /* curry.h */,
				B90F317E1A0D65A7001316CE /* custom_infix.cpp */,
				B90F317F1A0D65A7001316CE /* custom_infix.h */,
				B91017CE1A1AA3440063D5D6 /* result_of.cpp */,
				B91017CF1A1AA3440063D5D6 /* result_of.h */,
				B91017D71A1AA9A10063D5D6 /* meta_assert.cpp */,
				B91017D81A1AA9A10063D5D6 /* meta_assert.h */,
				B91017DA1A1AAAF50063D5D6 /* equal.cpp */,
				B91017DB1A1AAAF50063D5D6 /* equal.h */,
				B91017DD1A1AAC960063D5D6 /* fold.cpp */,
				B91017DE1A1AAC960063D5D6 /* fold.h */,
				B91017E01A1AACF30063D5D6 /* conditional.cpp */,
				B91017E11A1AACF30063D5D6 /* conditional.h */,
			);
			path = include;
			sourceTree = "<group>";
		};
		B913533F1A251C72007F4A5C /* concepts */ = {
			isa = PBXGroup;
			children = (
				B913533C1A251C5C007F4A5C /* concepts.cpp */,
				B913533D1A251C5C007F4A5C /* concepts.h */,
				B91353401A2520C5007F4A5C /* CopyConstructible.cpp */,
				B91353411A2520C5007F4A5C /* CopyConstructible.h */,
				B91353461A25216D007F4A5C /* Signed.cpp */,
				B91353471A25216D007F4A5C /* Signed.h */,
			);
			name = concepts;
			sourceTree = "<group>";
		};
		B9D87E3E1A38D86B0023CD16 /* callable */ = {
			isa = PBXGroup;
			children = (
				B9D87E421A38D8C70023CD16 /* detail */,
				B9D87E3F1A38D8910023CD16 /* callable.cpp */,
				B9D87E401A38D8910023CD16 /* callable.h */,
			);
			path = callable;
			sourceTree = "<group>";
		};
		B9D87E421A38D8C70023CD16 /* detail */ = {
			isa = PBXGroup;
			children = (
				B9D87E431A38D8D90023CD16 /* dtl_callable.h */,
			);
			path = detail;
			sourceTree = "<group>";
		};
		B9D87E441A38DBD70023CD16 /* multithreading */ = {
			isa = PBXGroup;
			children = (
				B9D87E451A38DC0F0023CD16 /* semaphore.cpp */,
				B9D87E461A38DC0F0023CD16 /* semaphore.h */,
				B9D87E481A38DF830023CD16 /* message.cpp */,
				B9D87E491A38DF830023CD16 /* message.h */,
				B9D87E511A38E5CC0023CD16 /* thread_safe_queue.cpp */,
				B9D87E521A38E5CC0023CD16 /* thread_safe_queue.h */,
				B9D87E541A38E7DE0023CD16 /* actor.cpp */,
				B9D87E551A38E7DE0023CD16 /* actor.h */,
			);
			path = multithreading;
			sourceTree = "<group>";
		};
/* End PBXGroup section */

/* Begin PBXNativeTarget section */
		B91220B019FBB86600EBFA72 /* FunctionalTemplates */ = {
			isa = PBXNativeTarget;
			buildConfigurationList = B91220BA19FBB86600EBFA72 /* Build configuration list for PBXNativeTarget "FunctionalTemplates" */;
			buildPhases = (
				B91220AD19FBB86600EBFA72 /* Sources */,
				B91220AE19FBB86600EBFA72 /* Frameworks */,
				B91220AF19FBB86600EBFA72 /* CopyFiles */,
				B91220C319FBC28500EBFA72 /* ShellScript */,
			);
			buildRules = (
			);
			dependencies = (
			);
			name = FunctionalTemplates;
			productName = FunctionalTemplates;
			productReference = B91220B119FBB86600EBFA72 /* FunctionalTemplates */;
			productType = "com.apple.product-type.tool";
		};
/* End PBXNativeTarget section */

/* Begin PBXProject section */
		B91220A919FBB86600EBFA72 /* Project object */ = {
			isa = PBXProject;
			attributes = {
				LastUpgradeCheck = 0510;
				ORGANIZATIONNAME = "Julian Becker";
			};
			buildConfigurationList = B91220AC19FBB86600EBFA72 /* Build configuration list for PBXProject "FunctionalTemplates" */;
			compatibilityVersion = "Xcode 3.2";
			developmentRegion = English;
			hasScannedForEncodings = 0;
			knownRegions = (
				en,
			);
			mainGroup = B91220A819FBB86600EBFA72;
			productRefGroup = B91220B219FBB86600EBFA72 /* Products */;
			projectDirPath = "";
			projectRoot = "";
			targets = (
				B91220B019FBB86600EBFA72 /* FunctionalTemplates */,
			);
		};
/* End PBXProject section */

/* Begin PBXShellScriptBuildPhase section */
		B91220C319FBC28500EBFA72 /* ShellScript */ = {
			isa = PBXShellScriptBuildPhase;
			buildActionMask = 2147483647;
			files = (
			);
			inputPaths = (
				"$(SRCROOT)/include",
			);
			outputPaths = (
				"$(DERIVED_FILE_DIR)/DoxygenDocs.docset",
			);
			runOnlyForDeploymentPostprocessing = 0;
			shellPath = /bin/sh;
			shellScript = "#  Build the doxygen documentation for the project and load the docset into Xcode.\n \n#  Use the following to adjust the value of the $DOXYGEN_PATH User-Defined Setting:\n#    Binary install location: /Applications/Doxygen.app/Contents/Resources/doxygen\n#    Source build install location: /usr/local/bin/doxygen\n \n#  If the config file doesn't exist, run 'doxygen -g $SOURCE_ROOT/doxygen.config' to\n#   a get default file.\n \nif ! [ -f $SOURCE_ROOT/doxygen.config ]\nthen\n  echo doxygen config file does not exist\n  $DOXYGEN_PATH -g $SOURCE_ROOT/doxygen.config\nfi\n \n#  Append the proper input/output directories and docset info to the config file.\n#  This works even though values are assigned higher up in the file. Easier than sed.\n \ncp $SOURCE_ROOT/doxygen.config $TEMP_DIR/doxygen.config\n \necho \"INPUT = $SOURCE_ROOT\" >> $TEMP_DIR/doxygen.config\necho \"OUTPUT_DIRECTORY = $SOURCE_ROOT/DoxygenDocs.docset\" >> $TEMP_DIR/doxygen.config\necho \"GENERATE_DOCSET        = YES\" >> $TEMP_DIR/doxygen.config\necho \"DOCSET_BUNDLE_ID       = com.mycompany.DoxygenExample\" >> $TEMP_DIR/doxygen.config\n \n#  Run doxygen on the updated config file.\n#  Note: doxygen creates a Makefile that does most of the heavy lifting.\n \n$DOXYGEN_PATH $TEMP_DIR/doxygen.config\n \n#  make will invoke docsetutil. Take a look at the Makefile to see how this is done.\n \nmake -C $SOURCE_ROOT/DoxygenDocs.docset/html install\n \n#  Construct a temporary applescript file to tell Xcode to load a docset.\n \nrm -f $TEMP_DIR/loadDocSet.scpt\n \necho \"tell application \\\"Xcode\\\"\" >> $TEMP_DIR/loadDocSet.scpt\necho \"load documentation set with path \\\"/Users/$USER/Library/Developer/Shared/Documentation/DocSets/\\\"\"\n     >> $TEMP_DIR/loadDocSet.scpt\necho \"end tell\" >> $TEMP_DIR/loadDocSet.scpt\n \n#  Run the load-docset applescript command.\n \nosascript $TEMP_DIR/loadDocSet.scpt\n \nexit 0\n";
		};
/* End PBXShellScriptBuildPhase section */

/* Begin PBXSourcesBuildPhase section */
		B91220AD19FBB86600EBFA72 /* Sources */ = {
			isa = PBXSourcesBuildPhase;
			buildActionMask = 2147483647;
			files = (
				B91017D31A1AA4800063D5D6 /* append.cpp in Sources */,
				B91017DF1A1AAC960063D5D6 /* fold.cpp in Sources */,
				B9D87E471A38DC0F0023CD16 /* semaphore.cpp in Sources */,
				B91017F41A1ACFEA0063D5D6 /* cons.cpp in Sources */,
				B91017D91A1AA9A10063D5D6 /* meta_assert.cpp in Sources */,
				B91017EE1A1ACF190063D5D6 /* tail.cpp in Sources */,
				B91017D61A1AA6E80063D5D6 /* filter.cpp in Sources */,
				B9D87E4D1A38E17E0023CD16 /* value_list.cpp in Sources */,
				B90F31831A0D8FBF001316CE /* playground.cpp in Sources */,
				B91017D01A1AA3440063D5D6 /* result_of.cpp in Sources */,
				B910180D1A1BCA090063D5D6 /* reverse.cpp in Sources */,
				B9D87E561A38E7DE0023CD16 /* actor.cpp in Sources */,
				B90F31801A0D65A7001316CE /* custom_infix.cpp in Sources */,
				B91017DC1A1AAAF50063D5D6 /* equal.cpp in Sources */,
				B91017F11A1ACF770063D5D6 /* clear.cpp in Sources */,
				B91017EB1A1ACEC00063D5D6 /* head.cpp in Sources */,
				B91018031A1BBE140063D5D6 /* length.cpp in Sources */,
				B91018001A1BBCFD0063D5D6 /* null.cpp in Sources */,
				B91017E51A1ABC150063D5D6 /* list.cpp in Sources */,
				B91017F71A1AD1680063D5D6 /* last.cpp in Sources */,
				B913533E1A251C5C007F4A5C /* concepts.cpp in Sources */,
				B913534C1A27CA7B007F4A5C /* join_n.cpp in Sources */,
				B91017FD1A1BB7990063D5D6 /* init.cpp in Sources */,
				B910180A1A1BC0CE0063D5D6 /* subscript.cpp in Sources */,
				B9D87E531A38E5CC0023CD16 /* thread_safe_queue.cpp in Sources */,
				B91017E81A1ACAAF0063D5D6 /* join.cpp in Sources */,
				B9D87E4A1A38DF830023CD16 /* message.cpp in Sources */,
				B91018071A1BBED70063D5D6 /* meta_types.cpp in Sources */,
				B9D87E411A38D8910023CD16 /* callable.cpp in Sources */,
				B91353421A2520C5007F4A5C /* CopyConstructible.cpp in Sources */,
				B91017E21A1AACF30063D5D6 /* conditional.cpp in Sources */,
				B90F317D1A0C01B7001316CE /* logic.cpp in Sources */,
				B91353481A25216D007F4A5C /* Signed.cpp in Sources */,
				B91017FA1A1AD1DC0063D5D6 /* list_template.cpp in Sources */,
				B91017CD1A1AA2500063D5D6 /* map.cpp in Sources */,
				B91220B519FBB86600EBFA72 /* main.cpp in Sources */,
			);
			runOnlyForDeploymentPostprocessing = 0;
		};
/* End PBXSourcesBuildPhase section */

/* Begin XCBuildConfiguration section */
		B91220B819FBB86600EBFA72 /* Debug */ = {
			isa = XCBuildConfiguration;
			buildSettings = {
				ALWAYS_SEARCH_USER_PATHS = NO;
				CLANG_CXX_LANGUAGE_STANDARD = "gnu++0x";
				CLANG_CXX_LIBRARY = "libc++";
				CLANG_ENABLE_MODULES = YES;
				CLANG_ENABLE_OBJC_ARC = YES;
				CLANG_WARN_BOOL_CONVERSION = YES;
				CLANG_WARN_CONSTANT_CONVERSION = YES;
				CLANG_WARN_DIRECT_OBJC_ISA_USAGE = YES_ERROR;
				CLANG_WARN_EMPTY_BODY = YES;
				CLANG_WARN_ENUM_CONVERSION = YES;
				CLANG_WARN_INT_CONVERSION = YES;
				CLANG_WARN_OBJC_ROOT_CLASS = YES_ERROR;
				CLANG_WARN__DUPLICATE_METHOD_MATCH = YES;
				COPY_PHASE_STRIP = NO;
				GCC_C_LANGUAGE_STANDARD = gnu99;
				GCC_DYNAMIC_NO_PIC = NO;
				GCC_ENABLE_OBJC_EXCEPTIONS = YES;
				GCC_OPTIMIZATION_LEVEL = 0;
				GCC_PREPROCESSOR_DEFINITIONS = (
					"DEBUG=1",
					"$(inherited)",
				);
				GCC_SYMBOLS_PRIVATE_EXTERN = NO;
				GCC_WARN_64_TO_32_BIT_CONVERSION = YES;
				GCC_WARN_ABOUT_RETURN_TYPE = YES_ERROR;
				GCC_WARN_UNDECLARED_SELECTOR = YES;
				GCC_WARN_UNINITIALIZED_AUTOS = YES_AGGRESSIVE;
				GCC_WARN_UNUSED_FUNCTION = YES;
				GCC_WARN_UNUSED_VARIABLE = YES;
				MACOSX_DEPLOYMENT_TARGET = 10.9;
				ONLY_ACTIVE_ARCH = YES;
				SDKROOT = macosx;
			};
			name = Debug;
		};
		B91220B919FBB86600EBFA72 /* Release */ = {
			isa = XCBuildConfiguration;
			buildSettings = {
				ALWAYS_SEARCH_USER_PATHS = NO;
				CLANG_CXX_LANGUAGE_STANDARD = "gnu++0x";
				CLANG_CXX_LIBRARY = "libc++";
				CLANG_ENABLE_MODULES = YES;
				CLANG_ENABLE_OBJC_ARC = YES;
				CLANG_WARN_BOOL_CONVERSION = YES;
				CLANG_WARN_CONSTANT_CONVERSION = YES;
				CLANG_WARN_DIRECT_OBJC_ISA_USAGE = YES_ERROR;
				CLANG_WARN_EMPTY_BODY = YES;
				CLANG_WARN_ENUM_CONVERSION = YES;
				CLANG_WARN_INT_CONVERSION = YES;
				CLANG_WARN_OBJC_ROOT_CLASS = YES_ERROR;
				CLANG_WARN__DUPLICATE_METHOD_MATCH = YES;
				COPY_PHASE_STRIP = YES;
				DEBUG_INFORMATION_FORMAT = "dwarf-with-dsym";
				ENABLE_NS_ASSERTIONS = NO;
				GCC_C_LANGUAGE_STANDARD = gnu99;
				GCC_ENABLE_OBJC_EXCEPTIONS = YES;
				GCC_WARN_64_TO_32_BIT_CONVERSION = YES;
				GCC_WARN_ABOUT_RETURN_TYPE = YES_ERROR;
				GCC_WARN_UNDECLARED_SELECTOR = YES;
				GCC_WARN_UNINITIALIZED_AUTOS = YES_AGGRESSIVE;
				GCC_WARN_UNUSED_FUNCTION = YES;
				GCC_WARN_UNUSED_VARIABLE = YES;
				MACOSX_DEPLOYMENT_TARGET = 10.9;
				SDKROOT = macosx;
			};
			name = Release;
		};
		B91220BB19FBB86600EBFA72 /* Debug */ = {
			isa = XCBuildConfiguration;
			buildSettings = {
				ALWAYS_SEARCH_USER_PATHS = YES;
				DOXYGEN_PATH = /Applications/Doxygen.app/Contents/Resources/doxygen;
				PRODUCT_NAME = "$(TARGET_NAME)";
				USER_HEADER_SEARCH_PATHS = include;
			};
			name = Debug;
		};
		B91220BC19FBB86600EBFA72 /* Release */ = {
			isa = XCBuildConfiguration;
			buildSettings = {
				ALWAYS_SEARCH_USER_PATHS = YES;
				DOXYGEN_PATH = /Applications/Doxygen.app/Contents/Resources/doxygen;
				PRODUCT_NAME = "$(TARGET_NAME)";
				USER_HEADER_SEARCH_PATHS = include;
			};
			name = Release;
		};
/* End XCBuildConfiguration section */

/* Begin XCConfigurationList section */
		B91220AC19FBB86600EBFA72 /* Build configuration list for PBXProject "FunctionalTemplates" */ = {
			isa = XCConfigurationList;
			buildConfigurations = (
				B91220B819FBB86600EBFA72 /* Debug */,
				B91220B919FBB86600EBFA72 /* Release */,
			);
			defaultConfigurationIsVisible = 0;
			defaultConfigurationName = Release;
		};
		B91220BA19FBB86600EBFA72 /* Build configuration list for PBXNativeTarget "FunctionalTemplates" */ = {
			isa = XCConfigurationList;
			buildConfigurations = (
				B91220BB19FBB86600EBFA72 /* Debug */,
				B91220BC19FBB86600EBFA72 /* Release */,
			);
			defaultConfigurationIsVisible = 0;
			defaultConfigurationName = Release;
		};
/* End XCConfigurationList section */
	};
	rootObject = B91220A919FBB86600EBFA72 /* Project object */;
}
